{
  "name": "hyperservice",
  "version": "0.1.0",
  "lockfileVersion": 3,
  "requires": true,
  "packages": {
    "": {
      "name": "hyperservice",
      "version": "0.1.0",
      "devDependencies": {
        "tsconfig-moon": "^1.3.0"
      },
      "engines": {
        "node": "22.12.0"
      }
    },
    "node_modules/tsconfig-moon": {
      "version": "1.3.0",
      "resolved": "https://registry.npmjs.org/tsconfig-moon/-/tsconfig-moon-1.3.0.tgz",
      "integrity": "sha512-OVa+cjaKIsXIQqEWVqvF3xH6xmFOjKnbwiCmAKx2J8uq7M1KTX/NFFi/YXZdKb6YjHJhq8tvg2JsGSBTxTANcQ==",
      "dev": true,
      "funding": {
        "type": "ko-fi",
        "url": "https://ko-fi.com/milesjohnson"
      }
    }
  }
}
